// !$*UTF8*$!
{
	archiveVersion = 1;
	classes = {
	};
	objectVersion = 46;
	objects = {

/* Begin PBXBuildFile section */
		102251F31EEE1ADE00DA9184 /* MGUtils.framework in Frameworks */ = {isa = PBXBuildFile; fileRef = 102251E91EEE1ADE00DA9184 /* MGUtils.framework */; };
		102251F81EEE1ADE00DA9184 /* MGUtilsTests.swift in Sources */ = {isa = PBXBuildFile; fileRef = 102251F71EEE1ADE00DA9184 /* MGUtilsTests.swift */; };
		102251FA1EEE1ADE00DA9184 /* MGUtils.h in Headers */ = {isa = PBXBuildFile; fileRef = 102251EC1EEE1ADE00DA9184 /* MGUtils.h */; settings = {ATTRIBUTES = (Public, ); }; };
		105E92E31FA076F5003E75E8 /* CommonEnum.swift in Sources */ = {isa = PBXBuildFile; fileRef = 105E92D11FA076F4003E75E8 /* CommonEnum.swift */; };
		105E92E41FA076F5003E75E8 /* CommonExtension.swift in Sources */ = {isa = PBXBuildFile; fileRef = 105E92D21FA076F4003E75E8 /* CommonExtension.swift */; };
		105E92E51FA076F5003E75E8 /* CommonFunc.swift in Sources */ = {isa = PBXBuildFile; fileRef = 105E92D31FA076F4003E75E8 /* CommonFunc.swift */; };
		105E92E61FA076F5003E75E8 /* CommonReactive.swift in Sources */ = {isa = PBXBuildFile; fileRef = 105E92D41FA076F4003E75E8 /* CommonReactive.swift */; };
		105E92E71FA076F5003E75E8 /* LocationUtils.swift in Sources */ = {isa = PBXBuildFile; fileRef = 105E92D61FA076F4003E75E8 /* LocationUtils.swift */; };
		105E92E81FA076F5003E75E8 /* MathUtils.swift in Sources */ = {isa = PBXBuildFile; fileRef = 105E92D71FA076F4003E75E8 /* MathUtils.swift */; };
		105E92E91FA076F5003E75E8 /* BaseNavigationController.swift in Sources */ = {isa = PBXBuildFile; fileRef = 105E92D91FA076F4003E75E8 /* BaseNavigationController.swift */; };
		105E92EA1FA076F5003E75E8 /* BaseTabBarController.swift in Sources */ = {isa = PBXBuildFile; fileRef = 105E92DA1FA076F4003E75E8 /* BaseTabBarController.swift */; };
		105E92EB1FA076F5003E75E8 /* BaseViewController.swift in Sources */ = {isa = PBXBuildFile; fileRef = 105E92DB1FA076F4003E75E8 /* BaseViewController.swift */; };
		105E92EC1FA076F5003E75E8 /* BaseViewModel.swift in Sources */ = {isa = PBXBuildFile; fileRef = 105E92DD1FA076F4003E75E8 /* BaseViewModel.swift */; };
		105E92ED1FA076F5003E75E8 /* AspectImageView.swift in Sources */ = {isa = PBXBuildFile; fileRef = 105E92DF1FA076F4003E75E8 /* AspectImageView.swift */; };
		105E92EE1FA076F5003E75E8 /* BaseCollectionViewCell.swift in Sources */ = {isa = PBXBuildFile; fileRef = 105E92E01FA076F4003E75E8 /* BaseCollectionViewCell.swift */; };
		105E92EF1FA076F5003E75E8 /* BaseTableViewCell.swift in Sources */ = {isa = PBXBuildFile; fileRef = 105E92E11FA076F4003E75E8 /* BaseTableViewCell.swift */; };
		105E92F01FA076F5003E75E8 /* SwitchingViewContainer.swift in Sources */ = {isa = PBXBuildFile; fileRef = 105E92E21FA076F4003E75E8 /* SwitchingViewContainer.swift */; };
/* End PBXBuildFile section */

/* Begin PBXContainerItemProxy section */
		102251F41EEE1ADE00DA9184 /* PBXContainerItemProxy */ = {
			isa = PBXContainerItemProxy;
			containerPortal = 102251E01EEE1ADE00DA9184 /* Project object */;
			proxyType = 1;
			remoteGlobalIDString = 102251E81EEE1ADE00DA9184;
			remoteInfo = MGUtils;
		};
/* End PBXContainerItemProxy section */

/* Begin PBXFileReference section */
		102251E91EEE1ADE00DA9184 /* MGUtils.framework */ = {isa = PBXFileReference; explicitFileType = wrapper.framework; includeInIndex = 0; path = MGUtils.framework; sourceTree = BUILT_PRODUCTS_DIR; };
		102251EC1EEE1ADE00DA9184 /* MGUtils.h */ = {isa = PBXFileReference; lastKnownFileType = sourcecode.c.h; path = MGUtils.h; sourceTree = "<group>"; };
		102251ED1EEE1ADE00DA9184 /* Info.plist */ = {isa = PBXFileReference; lastKnownFileType = text.plist.xml; path = Info.plist; sourceTree = "<group>"; };
		102251F21EEE1ADE00DA9184 /* MGUtilsTests.xctest */ = {isa = PBXFileReference; explicitFileType = wrapper.cfbundle; includeInIndex = 0; path = MGUtilsTests.xctest; sourceTree = BUILT_PRODUCTS_DIR; };
		102251F71EEE1ADE00DA9184 /* MGUtilsTests.swift */ = {isa = PBXFileReference; lastKnownFileType = sourcecode.swift; path = MGUtilsTests.swift; sourceTree = "<group>"; };
		102251F91EEE1ADE00DA9184 /* Info.plist */ = {isa = PBXFileReference; lastKnownFileType = text.plist.xml; path = Info.plist; sourceTree = "<group>"; };
		105E92D11FA076F4003E75E8 /* CommonEnum.swift */ = {isa = PBXFileReference; fileEncoding = 4; lastKnownFileType = sourcecode.swift; path = CommonEnum.swift; sourceTree = "<group>"; };
		105E92D21FA076F4003E75E8 /* CommonExtension.swift */ = {isa = PBXFileReference; fileEncoding = 4; lastKnownFileType = sourcecode.swift; path = CommonExtension.swift; sourceTree = "<group>"; };
		105E92D31FA076F4003E75E8 /* CommonFunc.swift */ = {isa = PBXFileReference; fileEncoding = 4; lastKnownFileType = sourcecode.swift; path = CommonFunc.swift; sourceTree = "<group>"; };
		105E92D41FA076F4003E75E8 /* CommonReactive.swift */ = {isa = PBXFileReference; fileEncoding = 4; lastKnownFileType = sourcecode.swift; path = CommonReactive.swift; sourceTree = "<group>"; };
		105E92D61FA076F4003E75E8 /* LocationUtils.swift */ = {isa = PBXFileReference; fileEncoding = 4; lastKnownFileType = sourcecode.swift; path = LocationUtils.swift; sourceTree = "<group>"; };
		105E92D71FA076F4003E75E8 /* MathUtils.swift */ = {isa = PBXFileReference; fileEncoding = 4; lastKnownFileType = sourcecode.swift; path = MathUtils.swift; sourceTree = "<group>"; };
		105E92D91FA076F4003E75E8 /* BaseNavigationController.swift */ = {isa = PBXFileReference; fileEncoding = 4; lastKnownFileType = sourcecode.swift; path = BaseNavigationController.swift; sourceTree = "<group>"; };
		105E92DA1FA076F4003E75E8 /* BaseTabBarController.swift */ = {isa = PBXFileReference; fileEncoding = 4; lastKnownFileType = sourcecode.swift; path = BaseTabBarController.swift; sourceTree = "<group>"; };
		105E92DB1FA076F4003E75E8 /* BaseViewController.swift */ = {isa = PBXFileReference; fileEncoding = 4; lastKnownFileType = sourcecode.swift; path = BaseViewController.swift; sourceTree = "<group>"; };
		105E92DD1FA076F4003E75E8 /* BaseViewModel.swift */ = {isa = PBXFileReference; fileEncoding = 4; lastKnownFileType = sourcecode.swift; path = BaseViewModel.swift; sourceTree = "<group>"; };
		105E92DF1FA076F4003E75E8 /* AspectImageView.swift */ = {isa = PBXFileReference; fileEncoding = 4; lastKnownFileType = sourcecode.swift; path = AspectImageView.swift; sourceTree = "<group>"; };
		105E92E01FA076F4003E75E8 /* BaseCollectionViewCell.swift */ = {isa = PBXFileReference; fileEncoding = 4; lastKnownFileType = sourcecode.swift; path = BaseCollectionViewCell.swift; sourceTree = "<group>"; };
		105E92E11FA076F4003E75E8 /* BaseTableViewCell.swift */ = {isa = PBXFileReference; fileEncoding = 4; lastKnownFileType = sourcecode.swift; path = BaseTableViewCell.swift; sourceTree = "<group>"; };
		105E92E21FA076F4003E75E8 /* SwitchingViewContainer.swift */ = {isa = PBXFileReference; fileEncoding = 4; lastKnownFileType = sourcecode.swift; path = SwitchingViewContainer.swift; sourceTree = "<group>"; };
/* End PBXFileReference section */

/* Begin PBXFrameworksBuildPhase section */
		102251E51EEE1ADE00DA9184 /* Frameworks */ = {
			isa = PBXFrameworksBuildPhase;
			buildActionMask = 2147483647;
			files = (
			);
			runOnlyForDeploymentPostprocessing = 0;
		};
		102251EF1EEE1ADE00DA9184 /* Frameworks */ = {
			isa = PBXFrameworksBuildPhase;
			buildActionMask = 2147483647;
			files = (
				102251F31EEE1ADE00DA9184 /* MGUtils.framework in Frameworks */,
			);
			runOnlyForDeploymentPostprocessing = 0;
		};
/* End PBXFrameworksBuildPhase section */

/* Begin PBXGroup section */
		102251DF1EEE1ADE00DA9184 = {
			isa = PBXGroup;
			children = (
				102251EB1EEE1ADE00DA9184 /* MGUtils */,
				102251F61EEE1ADE00DA9184 /* MGUtilsTests */,
				102251EA1EEE1ADE00DA9184 /* Products */,
			);
			sourceTree = "<group>";
		};
		102251EA1EEE1ADE00DA9184 /* Products */ = {
			isa = PBXGroup;
			children = (
				102251E91EEE1ADE00DA9184 /* MGUtils.framework */,
				102251F21EEE1ADE00DA9184 /* MGUtilsTests.xctest */,
			);
			name = Products;
			sourceTree = "<group>";
		};
		102251EB1EEE1ADE00DA9184 /* MGUtils */ = {
			isa = PBXGroup;
			children = (
				105E92CE1FA076F4003E75E8 /* Sources */,
				102251EC1EEE1ADE00DA9184 /* MGUtils.h */,
				102251ED1EEE1ADE00DA9184 /* Info.plist */,
			);
			path = MGUtils;
			sourceTree = "<group>";
		};
		102251F61EEE1ADE00DA9184 /* MGUtilsTests */ = {
			isa = PBXGroup;
			children = (
				102251F71EEE1ADE00DA9184 /* MGUtilsTests.swift */,
				102251F91EEE1ADE00DA9184 /* Info.plist */,
			);
			path = MGUtilsTests;
			sourceTree = "<group>";
		};
		105E92CE1FA076F4003E75E8 /* Sources */ = {
			isa = PBXGroup;
			children = (
				105E92CF1FA076F4003E75E8 /* Commons */,
			);
			path = Sources;
			sourceTree = SOURCE_ROOT;
		};
		105E92CF1FA076F4003E75E8 /* Commons */ = {
			isa = PBXGroup;
			children = (
				105E92D01FA076F4003E75E8 /* etc */,
				105E92D51FA076F4003E75E8 /* Utils */,
				105E92D81FA076F4003E75E8 /* ViewControllers */,
				105E92DC1FA076F4003E75E8 /* ViewModels */,
				105E92DE1FA076F4003E75E8 /* Views */,
			);
			path = Commons;
			sourceTree = "<group>";
		};
		105E92D01FA076F4003E75E8 /* etc */ = {
			isa = PBXGroup;
			children = (
				105E92D11FA076F4003E75E8 /* CommonEnum.swift */,
				105E92D21FA076F4003E75E8 /* CommonExtension.swift */,
				105E92D31FA076F4003E75E8 /* CommonFunc.swift */,
				105E92D41FA076F4003E75E8 /* CommonReactive.swift */,
			);
			path = etc;
			sourceTree = "<group>";
		};
		105E92D51FA076F4003E75E8 /* Utils */ = {
			isa = PBXGroup;
			children = (
				105E92D61FA076F4003E75E8 /* LocationUtils.swift */,
				105E92D71FA076F4003E75E8 /* MathUtils.swift */,
			);
			path = Utils;
			sourceTree = "<group>";
		};
		105E92D81FA076F4003E75E8 /* ViewControllers */ = {
			isa = PBXGroup;
			children = (
				105E92D91FA076F4003E75E8 /* BaseNavigationController.swift */,
				105E92DA1FA076F4003E75E8 /* BaseTabBarController.swift */,
				105E92DB1FA076F4003E75E8 /* BaseViewController.swift */,
			);
			path = ViewControllers;
			sourceTree = "<group>";
		};
		105E92DC1FA076F4003E75E8 /* ViewModels */ = {
			isa = PBXGroup;
			children = (
				105E92DD1FA076F4003E75E8 /* BaseViewModel.swift */,
			);
			path = ViewModels;
			sourceTree = "<group>";
		};
		105E92DE1FA076F4003E75E8 /* Views */ = {
			isa = PBXGroup;
			children = (
				105E92DF1FA076F4003E75E8 /* AspectImageView.swift */,
				105E92E01FA076F4003E75E8 /* BaseCollectionViewCell.swift */,
				105E92E11FA076F4003E75E8 /* BaseTableViewCell.swift */,
				105E92E21FA076F4003E75E8 /* SwitchingViewContainer.swift */,
			);
			path = Views;
			sourceTree = "<group>";
		};
/* End PBXGroup section */

/* Begin PBXHeadersBuildPhase section */
		102251E61EEE1ADE00DA9184 /* Headers */ = {
			isa = PBXHeadersBuildPhase;
			buildActionMask = 2147483647;
			files = (
				102251FA1EEE1ADE00DA9184 /* MGUtils.h in Headers */,
			);
			runOnlyForDeploymentPostprocessing = 0;
		};
/* End PBXHeadersBuildPhase section */

/* Begin PBXNativeTarget section */
		102251E81EEE1ADE00DA9184 /* MGUtils */ = {
			isa = PBXNativeTarget;
			buildConfigurationList = 102251FD1EEE1ADE00DA9184 /* Build configuration list for PBXNativeTarget "MGUtils" */;
			buildPhases = (
				102251E41EEE1ADE00DA9184 /* Sources */,
				102251E51EEE1ADE00DA9184 /* Frameworks */,
				102251E61EEE1ADE00DA9184 /* Headers */,
				102251E71EEE1ADE00DA9184 /* Resources */,
			);
			buildRules = (
			);
			dependencies = (
			);
			name = MGUtils;
			productName = MGUtils;
			productReference = 102251E91EEE1ADE00DA9184 /* MGUtils.framework */;
			productType = "com.apple.product-type.framework";
		};
		102251F11EEE1ADE00DA9184 /* MGUtilsTests */ = {
			isa = PBXNativeTarget;
			buildConfigurationList = 102252001EEE1ADE00DA9184 /* Build configuration list for PBXNativeTarget "MGUtilsTests" */;
			buildPhases = (
				102251EE1EEE1ADE00DA9184 /* Sources */,
				102251EF1EEE1ADE00DA9184 /* Frameworks */,
				102251F01EEE1ADE00DA9184 /* Resources */,
			);
			buildRules = (
			);
			dependencies = (
				102251F51EEE1ADE00DA9184 /* PBXTargetDependency */,
			);
			name = MGUtilsTests;
			productName = MGUtilsTests;
			productReference = 102251F21EEE1ADE00DA9184 /* MGUtilsTests.xctest */;
			productType = "com.apple.product-type.bundle.unit-test";
		};
/* End PBXNativeTarget section */

/* Begin PBXProject section */
		102251E01EEE1ADE00DA9184 /* Project object */ = {
			isa = PBXProject;
			attributes = {
				LastSwiftUpdateCheck = 0830;
				LastUpgradeCheck = 0830;
				ORGANIZATIONNAME = magi;
				TargetAttributes = {
					102251E81EEE1ADE00DA9184 = {
						CreatedOnToolsVersion = 8.3.3;
						LastSwiftMigration = 0830;
						ProvisioningStyle = Automatic;
					};
					102251F11EEE1ADE00DA9184 = {
						CreatedOnToolsVersion = 8.3.3;
						ProvisioningStyle = Automatic;
					};
				};
			};
			buildConfigurationList = 102251E31EEE1ADE00DA9184 /* Build configuration list for PBXProject "MGUtils" */;
			compatibilityVersion = "Xcode 3.2";
			developmentRegion = English;
			hasScannedForEncodings = 0;
			knownRegions = (
				en,
			);
			mainGroup = 102251DF1EEE1ADE00DA9184;
			productRefGroup = 102251EA1EEE1ADE00DA9184 /* Products */;
			projectDirPath = "";
			projectRoot = "";
			targets = (
				102251E81EEE1ADE00DA9184 /* MGUtils */,
				102251F11EEE1ADE00DA9184 /* MGUtilsTests */,
			);
		};
/* End PBXProject section */

/* Begin PBXResourcesBuildPhase section */
		102251E71EEE1ADE00DA9184 /* Resources */ = {
			isa = PBXResourcesBuildPhase;
			buildActionMask = 2147483647;
			files = (
			);
			runOnlyForDeploymentPostprocessing = 0;
		};
		102251F01EEE1ADE00DA9184 /* Resources */ = {
			isa = PBXResourcesBuildPhase;
			buildActionMask = 2147483647;
			files = (
			);
			runOnlyForDeploymentPostprocessing = 0;
		};
/* End PBXResourcesBuildPhase section */

/* Begin PBXSourcesBuildPhase section */
		102251E41EEE1ADE00DA9184 /* Sources */ = {
			isa = PBXSourcesBuildPhase;
			buildActionMask = 2147483647;
			files = (
				105E92EA1FA076F5003E75E8 /* BaseTabBarController.swift in Sources */,
				105E92EC1FA076F5003E75E8 /* BaseViewModel.swift in Sources */,
				105E92E41FA076F5003E75E8 /* CommonExtension.swift in Sources */,
				105E92E91FA076F5003E75E8 /* BaseNavigationController.swift in Sources */,
				105E92E51FA076F5003E75E8 /* CommonFunc.swift in Sources */,
				105E92EE1FA076F5003E75E8 /* BaseCollectionViewCell.swift in Sources */,
				105E92E31FA076F5003E75E8 /* CommonEnum.swift in Sources */,
				105E92ED1FA076F5003E75E8 /* AspectImageView.swift in Sources */,
				105E92EB1FA076F5003E75E8 /* BaseViewController.swift in Sources */,
				105E92F01FA076F5003E75E8 /* SwitchingViewContainer.swift in Sources */,
				105E92E81FA076F5003E75E8 /* MathUtils.swift in Sources */,
				105E92E61FA076F5003E75E8 /* CommonReactive.swift in Sources */,
				105E92EF1FA076F5003E75E8 /* BaseTableViewCell.swift in Sources */,
				105E92E71FA076F5003E75E8 /* LocationUtils.swift in Sources */,
			);
			runOnlyForDeploymentPostprocessing = 0;
		};
		102251EE1EEE1ADE00DA9184 /* Sources */ = {
			isa = PBXSourcesBuildPhase;
			buildActionMask = 2147483647;
			files = (
				102251F81EEE1ADE00DA9184 /* MGUtilsTests.swift in Sources */,
			);
			runOnlyForDeploymentPostprocessing = 0;
		};
/* End PBXSourcesBuildPhase section */

/* Begin PBXTargetDependency section */
		102251F51EEE1ADE00DA9184 /* PBXTargetDependency */ = {
			isa = PBXTargetDependency;
			target = 102251E81EEE1ADE00DA9184 /* MGUtils */;
			targetProxy = 102251F41EEE1ADE00DA9184 /* PBXContainerItemProxy */;
		};
/* End PBXTargetDependency section */

/* Begin XCBuildConfiguration section */
		102251FB1EEE1ADE00DA9184 /* Debug */ = {
			isa = XCBuildConfiguration;
			buildSettings = {
				ALWAYS_SEARCH_USER_PATHS = NO;
				CLANG_ANALYZER_NONNULL = YES;
				CLANG_ANALYZER_NUMBER_OBJECT_CONVERSION = YES_AGGRESSIVE;
				CLANG_CXX_LANGUAGE_STANDARD = "gnu++0x";
				CLANG_CXX_LIBRARY = "libc++";
				CLANG_ENABLE_MODULES = YES;
				CLANG_ENABLE_OBJC_ARC = YES;
				CLANG_WARN_BOOL_CONVERSION = YES;
				CLANG_WARN_CONSTANT_CONVERSION = YES;
				CLANG_WARN_DIRECT_OBJC_ISA_USAGE = YES_ERROR;
				CLANG_WARN_DOCUMENTATION_COMMENTS = YES;
				CLANG_WARN_EMPTY_BODY = YES;
				CLANG_WARN_ENUM_CONVERSION = YES;
				CLANG_WARN_INFINITE_RECURSION = YES;
				CLANG_WARN_INT_CONVERSION = YES;
				CLANG_WARN_OBJC_ROOT_CLASS = YES_ERROR;
				CLANG_WARN_SUSPICIOUS_MOVE = YES;
				CLANG_WARN_UNREACHABLE_CODE = YES;
				CLANG_WARN__DUPLICATE_METHOD_MATCH = YES;
				"CODE_SIGN_IDENTITY[sdk=iphoneos*]" = "iPhone Developer";
				COPY_PHASE_STRIP = NO;
				CURRENT_PROJECT_VERSION = 1;
				DEBUG_INFORMATION_FORMAT = dwarf;
				ENABLE_STRICT_OBJC_MSGSEND = YES;
				ENABLE_TESTABILITY = YES;
				GCC_C_LANGUAGE_STANDARD = gnu99;
				GCC_DYNAMIC_NO_PIC = NO;
				GCC_NO_COMMON_BLOCKS = YES;
				GCC_OPTIMIZATION_LEVEL = 0;
				GCC_PREPROCESSOR_DEFINITIONS = (
					"DEBUG=1",
					"$(inherited)",
				);
				GCC_WARN_64_TO_32_BIT_CONVERSION = YES;
				GCC_WARN_ABOUT_RETURN_TYPE = YES_ERROR;
				GCC_WARN_UNDECLARED_SELECTOR = YES;
				GCC_WARN_UNINITIALIZED_AUTOS = YES_AGGRESSIVE;
				GCC_WARN_UNUSED_FUNCTION = YES;
				GCC_WARN_UNUSED_VARIABLE = YES;
				IPHONEOS_DEPLOYMENT_TARGET = 10.3;
				MTL_ENABLE_DEBUG_INFO = YES;
				ONLY_ACTIVE_ARCH = YES;
				SDKROOT = iphoneos;
				SWIFT_ACTIVE_COMPILATION_CONDITIONS = DEBUG;
				SWIFT_OPTIMIZATION_LEVEL = "-Onone";
				TARGETED_DEVICE_FAMILY = "1,2";
				VERSIONING_SYSTEM = "apple-generic";
				VERSION_INFO_PREFIX = "";
			};
			name = Debug;
		};
		102251FC1EEE1ADE00DA9184 /* Release */ = {
			isa = XCBuildConfiguration;
			buildSettings = {
				ALWAYS_SEARCH_USER_PATHS = NO;
				CLANG_ANALYZER_NONNULL = YES;
				CLANG_ANALYZER_NUMBER_OBJECT_CONVERSION = YES_AGGRESSIVE;
				CLANG_CXX_LANGUAGE_STANDARD = "gnu++0x";
				CLANG_CXX_LIBRARY = "libc++";
				CLANG_ENABLE_MODULES = YES;
				CLANG_ENABLE_OBJC_ARC = YES;
				CLANG_WARN_BOOL_CONVERSION = YES;
				CLANG_WARN_CONSTANT_CONVERSION = YES;
				CLANG_WARN_DIRECT_OBJC_ISA_USAGE = YES_ERROR;
				CLANG_WARN_DOCUMENTATION_COMMENTS = YES;
				CLANG_WARN_EMPTY_BODY = YES;
				CLANG_WARN_ENUM_CONVERSION = YES;
				CLANG_WARN_INFINITE_RECURSION = YES;
				CLANG_WARN_INT_CONVERSION = YES;
				CLANG_WARN_OBJC_ROOT_CLASS = YES_ERROR;
				CLANG_WARN_SUSPICIOUS_MOVE = YES;
				CLANG_WARN_UNREACHABLE_CODE = YES;
				CLANG_WARN__DUPLICATE_METHOD_MATCH = YES;
				"CODE_SIGN_IDENTITY[sdk=iphoneos*]" = "iPhone Developer";
				COPY_PHASE_STRIP = NO;
				CURRENT_PROJECT_VERSION = 1;
				DEBUG_INFORMATION_FORMAT = "dwarf-with-dsym";
				ENABLE_NS_ASSERTIONS = NO;
				ENABLE_STRICT_OBJC_MSGSEND = YES;
				GCC_C_LANGUAGE_STANDARD = gnu99;
				GCC_NO_COMMON_BLOCKS = YES;
				GCC_WARN_64_TO_32_BIT_CONVERSION = YES;
				GCC_WARN_ABOUT_RETURN_TYPE = YES_ERROR;
				GCC_WARN_UNDECLARED_SELECTOR = YES;
				GCC_WARN_UNINITIALIZED_AUTOS = YES_AGGRESSIVE;
				GCC_WARN_UNUSED_FUNCTION = YES;
				GCC_WARN_UNUSED_VARIABLE = YES;
				IPHONEOS_DEPLOYMENT_TARGET = 10.3;
				MTL_ENABLE_DEBUG_INFO = NO;
				SDKROOT = iphoneos;
				SWIFT_OPTIMIZATION_LEVEL = "-Owholemodule";
				TARGETED_DEVICE_FAMILY = "1,2";
				VALIDATE_PRODUCT = YES;
				VERSIONING_SYSTEM = "apple-generic";
				VERSION_INFO_PREFIX = "";
			};
			name = Release;
		};
		102251FE1EEE1ADE00DA9184 /* Debug */ = {
			isa = XCBuildConfiguration;
			buildSettings = {
				CLANG_ENABLE_MODULES = YES;
				CODE_SIGN_IDENTITY = "";
				DEFINES_MODULE = YES;
				DYLIB_COMPATIBILITY_VERSION = 1;
				DYLIB_CURRENT_VERSION = 1;
				DYLIB_INSTALL_NAME_BASE = "@rpath";
				INFOPLIST_FILE = MGUtils/Info.plist;
				INSTALL_PATH = "$(LOCAL_LIBRARY_DIR)/Frameworks";
				LD_RUNPATH_SEARCH_PATHS = "$(inherited) @executable_path/Frameworks @loader_path/Frameworks";
				PRODUCT_BUNDLE_IDENTIFIER = io.github.magi82.MGUtils;
				PRODUCT_NAME = "$(TARGET_NAME)";
				SKIP_INSTALL = YES;
				SWIFT_OPTIMIZATION_LEVEL = "-Onone";
				SWIFT_VERSION = 3.0;
			};
			name = Debug;
		};
		102251FF1EEE1ADE00DA9184 /* Release */ = {
			isa = XCBuildConfiguration;
			buildSettings = {
				CLANG_ENABLE_MODULES = YES;
				CODE_SIGN_IDENTITY = "";
				DEFINES_MODULE = YES;
				DYLIB_COMPATIBILITY_VERSION = 1;
				DYLIB_CURRENT_VERSION = 1;
				DYLIB_INSTALL_NAME_BASE = "@rpath";
				INFOPLIST_FILE = MGUtils/Info.plist;
				INSTALL_PATH = "$(LOCAL_LIBRARY_DIR)/Frameworks";
				LD_RUNPATH_SEARCH_PATHS = "$(inherited) @executable_path/Frameworks @loader_path/Frameworks";
				PRODUCT_BUNDLE_IDENTIFIER = io.github.magi82.MGUtils;
				PRODUCT_NAME = "$(TARGET_NAME)";
				SKIP_INSTALL = YES;
				SWIFT_VERSION = 3.0;
			};
			name = Release;
		};
		102252011EEE1ADE00DA9184 /* Debug */ = {
			isa = XCBuildConfiguration;
			buildSettings = {
				ALWAYS_EMBED_SWIFT_STANDARD_LIBRARIES = YES;
				INFOPLIST_FILE = MGUtilsTests/Info.plist;
				LD_RUNPATH_SEARCH_PATHS = "$(inherited) @executable_path/Frameworks @loader_path/Frameworks";
				PRODUCT_BUNDLE_IDENTIFIER = io.github.magi82.MGUtilsTests;
				PRODUCT_NAME = "$(TARGET_NAME)";
				SWIFT_VERSION = 3.0;
			};
			name = Debug;
		};
		102252021EEE1ADE00DA9184 /* Release */ = {
			isa = XCBuildConfiguration;
			buildSettings = {
				ALWAYS_EMBED_SWIFT_STANDARD_LIBRARIES = YES;
				INFOPLIST_FILE = MGUtilsTests/Info.plist;
				LD_RUNPATH_SEARCH_PATHS = "$(inherited) @executable_path/Frameworks @loader_path/Frameworks";
				PRODUCT_BUNDLE_IDENTIFIER = io.github.magi82.MGUtilsTests;
				PRODUCT_NAME = "$(TARGET_NAME)";
				SWIFT_VERSION = 3.0;
			};
			name = Release;
		};
/* End XCBuildConfiguration section */

/* Begin XCConfigurationList section */
		102251E31EEE1ADE00DA9184 /* Build configuration list for PBXProject "MGUtils" */ = {
			isa = XCConfigurationList;
			buildConfigurations = (
				102251FB1EEE1ADE00DA9184 /* Debug */,
				102251FC1EEE1ADE00DA9184 /* Release */,
			);
			defaultConfigurationIsVisible = 0;
			defaultConfigurationName = Release;
		};
		102251FD1EEE1ADE00DA9184 /* Build configuration list for PBXNativeTarget "MGUtils" */ = {
			isa = XCConfigurationList;
			buildConfigurations = (
				102251FE1EEE1ADE00DA9184 /* Debug */,
				102251FF1EEE1ADE00DA9184 /* Release */,
			);
			defaultConfigurationIsVisible = 0;
			defaultConfigurationName = Release;
		};
		102252001EEE1ADE00DA9184 /* Build configuration list for PBXNativeTarget "MGUtilsTests" */ = {
			isa = XCConfigurationList;
			buildConfigurations = (
				102252011EEE1ADE00DA9184 /* Debug */,
				102252021EEE1ADE00DA9184 /* Release */,
			);
			defaultConfigurationIsVisible = 0;
			defaultConfigurationName = Release;
		};
/* End XCConfigurationList section */
	};
	rootObject = 102251E01EEE1ADE00DA9184 /* Project object */;
}
